
Microsoft Visual Studio Solution File, Format Version 12.00
# Visual Studio Version 17
VisualStudioVersion = 17.4.33213.308
MinimumVisualStudioVersion = 10.0.40219.1
Project("{FAE04EC0-301F-11D3-BF4B-00C04F79EFBC}") = "API", "API\API.csproj", "{63450498-4238-4865-A4FE-8568480AC543}"
EndProject
Project("{FAE04EC0-301F-11D3-BF4B-00C04F79EFBC}") = "Test", "Test\Test.csproj", "{C1558CB9-6115-44A8-977C-BCCCC8B6F8ED}"
EndProject
Global
	GlobalSection(SolutionConfigurationPlatforms) = preSolution
		Debug|Any CPU = Debug|Any CPU
		Release|Any CPU = Release|Any CPU
	EndGlobalSection
	GlobalSection(ProjectConfigurationPlatforms) = postSolution
		{63450498-4238-4865-A4FE-8568480AC543}.Debug|Any CPU.ActiveCfg = Debug|Any CPU
		{63450498-4238-4865-A4FE-8568480AC543}.Debug|Any CPU.Build.0 = Debug|Any CPU
		{63450498-4238-4865-A4FE-8568480AC543}.Release|Any CPU.ActiveCfg = Release|Any CPU
		{63450498-4238-4865-A4FE-8568480AC543}.Release|Any CPU.Build.0 = Release|Any CPU
		{C1558CB9-6115-44A8-977C-BCCCC8B6F8ED}.Debug|Any CPU.ActiveCfg = Debug|Any CPU
		{C1558CB9-6115-44A8-977C-BCCCC8B6F8ED}.Debug|Any CPU.Build.0 = Debug|Any CPU
		{C1558CB9-6115-44A8-977C-BCCCC8B6F8ED}.Release|Any CPU.ActiveCfg = Release|Any CPU
		{C1558CB9-6115-44A8-977C-BCCCC8B6F8ED}.Release|Any CPU.Build.0 = Release|Any CPU
	EndGlobalSection
	GlobalSection(SolutionProperties) = preSolution
		HideSolutionNode = FALSE
	EndGlobalSection
	GlobalSection(ExtensibilityGlobals) = postSolution
		SolutionGuid = {E2907945-A06B-42C6-9DE0-B5FB42D87201}
	EndGlobalSection
EndGlobal
